{
  "version": "4",
  "specifiers": {
    "jsr:@std/assert@1": "1.0.6",
    "jsr:@std/dotenv@~0.225.2": "0.225.2",
    "jsr:@std/internal@^1.0.4": "1.0.4",
    "jsr:@std/path@^1.0.6": "1.0.7",
    "npm:@hono/swagger-ui@~0.4.1": "0.4.1_hono@4.6.8",
    "npm:@hono/zod-openapi@~0.16.4": "0.16.4_hono@4.6.8_zod@3.23.8",
    "npm:@prisma/client@^5.21.1": "5.21.1_prisma@5.21.1",
    "npm:hono@^4.6.8": "4.6.8",
    "npm:prisma@^5.21.1": "5.21.1",
    "npm:prisma@latest": "5.21.1",
    "npm:prom-client@^15.1.3": "15.1.3"
  },
  "jsr": {
    "@std/assert@1.0.6": {
      "integrity": "1904c05806a25d94fe791d6d883b685c9e2dcd60e4f9fc30f4fc5cf010c72207",
      "dependencies": [
        "jsr:@std/internal"
      ]
    },
    "@std/dotenv@0.225.2": {
      "integrity": "e2025dce4de6c7bca21dece8baddd4262b09d5187217e231b033e088e0c4dd23"
    },
    "@std/internal@1.0.4": {
      "integrity": "62e8e4911527e5e4f307741a795c0b0a9e6958d0b3790716ae71ce085f755422"
    },
    "@std/path@1.0.7": {
      "integrity": "76a689e07f0e15dcc6002ec39d0866797e7156629212b28f27179b8a5c3b33a1"
    }
  },
  "npm": {
    "@asteasolutions/zod-to-openapi@7.2.0_zod@3.23.8": {
      "integrity": "sha512-Va+Fq1QzKkSgmiYINSp3cASFhMsbdRH/kmCk2feijhC+yNjGoC056CRqihrVFhR8MY8HOZHdlYm2Ns2lmszCiw==",
      "dependencies": [
        "openapi3-ts",
        "zod"
      ]
    },
    "@hono/swagger-ui@0.4.1_hono@4.6.8": {
      "integrity": "sha512-kPaJatHffeYQ3yVkHo878hCqwfapqx54FczJVJ+eRWt8J4biyVVMIdCAJb6MyA8bcnHUoTmUpPc7OJAV1VTg2g==",
      "dependencies": [
        "hono"
      ]
    },
    "@hono/zod-openapi@0.16.4_hono@4.6.8_zod@3.23.8": {
      "integrity": "sha512-mnF6GthBaKex0D5PsY/4lYNtkaGJNE38bjeUI//EUqq7Ee4TNm2su35IUiFH4HcmJp5fWYMLyOJOpjnkClzEGw==",
      "dependencies": [
        "@asteasolutions/zod-to-openapi",
        "@hono/zod-validator",
        "hono",
        "zod"
      ]
    },
    "@hono/zod-validator@0.3.0_hono@4.6.8_zod@3.23.8": {
      "integrity": "sha512-7XcTk3yYyk6ldrO/VuqsroE7stvDZxHJQcpATRAyha8rUxJNBPV3+6waDrARfgEqxOVlzIadm3/6sE/dPseXgQ==",
      "dependencies": [
        "hono",
        "zod"
      ]
    },
    "@opentelemetry/api@1.9.0": {
      "integrity": "sha512-3giAOQvZiH5F9bMlMiv8+GSPMeqg0dbaeo58/0SlA9sxSqZhnUtxzX9/2FzyhS9sWQf5S0GJE0AKBrFqjpeYcg=="
    },
    "@prisma/client@5.21.1_prisma@5.21.1": {
      "integrity": "sha512-3n+GgbAZYjaS/k0M03yQsQfR1APbr411r74foknnsGpmhNKBG49VuUkxIU6jORgvJPChoD4WC4PqoHImN1FP0w==",
      "dependencies": [
        "prisma"
      ]
    },
    "@prisma/debug@5.21.1": {
      "integrity": "sha512-uY8SAhcnORhvgtOrNdvWS98Aq/nkQ9QDUxrWAgW8XrCZaI3j2X7zb7Xe6GQSh6xSesKffFbFlkw0c2luHQviZA=="
    },
    "@prisma/engines-version@5.21.1-1.bf0e5e8a04cada8225617067eaa03d041e2bba36": {
      "integrity": "sha512-qvnEflL0//lh44S/T9NcvTMxfyowNeUxTunPcDfKPjyJNrCNf2F1zQLcUv5UHAruECpX+zz21CzsC7V2xAeM7Q=="
    },
    "@prisma/engines@5.21.1": {
      "integrity": "sha512-hGVTldUkIkTwoV8//hmnAAiAchi4oMEKD3aW5H2RrnI50tTdwza7VQbTTAyN3OIHWlK5DVg6xV7X8N/9dtOydA==",
      "dependencies": [
        "@prisma/debug",
        "@prisma/engines-version",
        "@prisma/fetch-engine",
        "@prisma/get-platform"
      ]
    },
    "@prisma/fetch-engine@5.21.1": {
      "integrity": "sha512-70S31vgpCGcp9J+mh/wHtLCkVezLUqe/fGWk3J3JWZIN7prdYSlr1C0niaWUyNK2VflLXYi8kMjAmSxUVq6WGQ==",
      "dependencies": [
        "@prisma/debug",
        "@prisma/engines-version",
        "@prisma/get-platform"
      ]
    },
    "@prisma/get-platform@5.21.1": {
      "integrity": "sha512-sRxjL3Igst3ct+e8ya/x//cDXmpLbZQ5vfps2N4tWl4VGKQAmym77C/IG/psSMsQKszc8uFC/q1dgmKFLUgXZQ==",
      "dependencies": [
        "@prisma/debug"
      ]
    },
    "bintrees@1.0.2": {
      "integrity": "sha512-VOMgTMwjAaUG580SXn3LacVgjurrbMme7ZZNYGSSV7mmtY6QQRh0Eg3pwIcntQ77DErK1L0NxkbetjcoXzVwKw=="
    },
    "fsevents@2.3.3": {
      "integrity": "sha512-5xoDfX+fL7faATnagmWPpbFtwh/R77WmMMqqHGS65C3vvB0YHrgF+B1YmZ3441tMj5n63k0212XNoJwzlhffQw=="
    },
    "hono@4.6.8": {
      "integrity": "sha512-f+2Ec9JAzabT61pglDiLJcF/DjiSefZkjCn9bzm1cYLGkD5ExJ3Jnv93ax9h0bn7UPLHF81KktoyjdQfWI2n1Q=="
    },
    "openapi3-ts@4.4.0": {
      "integrity": "sha512-9asTNB9IkKEzWMcHmVZE7Ts3kC9G7AFHfs8i7caD8HbI76gEjdkId4z/AkP83xdZsH7PLAnnbl47qZkXuxpArw==",
      "dependencies": [
        "yaml"
      ]
    },
    "prisma@5.21.1": {
      "integrity": "sha512-PB+Iqzld/uQBPaaw2UVIk84kb0ITsLajzsxzsadxxl54eaU5Gyl2/L02ysivHxK89t7YrfQJm+Ggk37uvM70oQ==",
      "dependencies": [
        "@prisma/engines",
        "fsevents"
      ]
    },
    "prom-client@15.1.3": {
      "integrity": "sha512-6ZiOBfCywsD4k1BN9IX0uZhF+tJkV8q8llP64G5Hajs4JOeVLPCwpPVcpXy3BwYiUGgyJzsJJQeOIv7+hDSq8g==",
      "dependencies": [
        "@opentelemetry/api",
        "tdigest"
      ]
    },
    "tdigest@0.1.2": {
      "integrity": "sha512-+G0LLgjjo9BZX2MfdvPfH+MKLCrxlXSYec5DaPYP1fe6Iyhf0/fSmJ0bFiZ1F8BT6cGXl2LpltQptzjXKWEkKA==",
      "dependencies": [
        "bintrees"
      ]
    },
    "yaml@2.6.0": {
      "integrity": "sha512-a6ae//JvKDEra2kdi1qzCyrJW/WZCgFi8ydDV+eXExl95t+5R+ijnqHJbz9tmMh8FUjx3iv2fCQ4dclAQlO2UQ=="
    },
    "zod@3.23.8": {
      "integrity": "sha512-XBx9AXhXktjUqnepgTiE5flcKIYWi/rme0Eaj+5Y0lftuGBq+jyRu/md4WnuxqgP1ubdpNCsYEYPxrzVHD8d6g=="
    }
  },
  "remote": {
    "https://deno.land/std@0.214.0/dotenv/mod.ts": "0fcdf815a78d6f5bc70de92599fef80bc174da708492c4ed50b87ea480a56baa",
    "https://deno.land/std@0.214.0/dotenv/parse.ts": "55d5d1a5ba76c1324e6dc2f2f7917f03c47e5da5c2c55af11fd0fe2d6a3d3a2e",
    "https://deno.land/std@0.214.0/dotenv/stringify.ts": "0047ad7068289735d08964046aea267a750c141b494ca0e38831b89be6c020c2"
  },
  "workspace": {
    "dependencies": [
      "jsr:@std/assert@1",
      "jsr:@std/dotenv@~0.225.2",
      "jsr:@std/path@^1.0.6",
      "npm:@hono/swagger-ui@~0.4.1",
      "npm:@hono/zod-openapi@~0.16.4",
      "npm:@prisma/client@^5.21.1",
      "npm:hono@^4.6.8",
      "npm:prisma@^5.21.1",
      "npm:prom-client@^15.1.3"
    ]
  }
}
